
Microsoft Visual Studio Solution File, Format Version 12.00
# Visual Studio Version 17
VisualStudioVersion = 17.6.33815.320
MinimumVisualStudioVersion = 10.0.40219.1
Project("{FAE04EC0-301F-11D3-BF4B-00C04F79EFBC}") = "IfcFileSigner", "IfcFileSigner\IfcFileSigner.csproj", "{DB213E68-EBF0-4373-B30E-B0060B3B72D2}"
EndProject
Project("{FAE04EC0-301F-11D3-BF4B-00C04F79EFBC}") = "IfcFileSigningUtility", "IfcFileSigningUtility\IfcFileSigningUtility.csproj", "{C7ACBD5D-7558-4CF1-BC68-3BDC5D7724A1}"
EndProject
Project("{FAE04EC0-301F-11D3-BF4B-00C04F79EFBC}") = "IfcFileSigningCommon", "IfcFileSigningCommon\IfcFileSigningCommon.csproj", "{719F904C-569A-44B3-9412-8311003D548F}"
EndProject
Global
	GlobalSection(SolutionConfigurationPlatforms) = preSolution
		Debug|Any CPU = Debug|Any CPU
		Release|Any CPU = Release|Any CPU
	EndGlobalSection
	GlobalSection(ProjectConfigurationPlatforms) = postSolution
		{DB213E68-EBF0-4373-B30E-B0060B3B72D2}.Debug|Any CPU.ActiveCfg = Debug|Any CPU
		{DB213E68-EBF0-4373-B30E-B0060B3B72D2}.Debug|Any CPU.Build.0 = Debug|Any CPU
		{DB213E68-EBF0-4373-B30E-B0060B3B72D2}.Release|Any CPU.ActiveCfg = Release|Any CPU
		{DB213E68-EBF0-4373-B30E-B0060B3B72D2}.Release|Any CPU.Build.0 = Release|Any CPU
		{C7ACBD5D-7558-4CF1-BC68-3BDC5D7724A1}.Debug|Any CPU.ActiveCfg = Debug|Any CPU
		{C7ACBD5D-7558-4CF1-BC68-3BDC5D7724A1}.Debug|Any CPU.Build.0 = Debug|Any CPU
		{C7ACBD5D-7558-4CF1-BC68-3BDC5D7724A1}.Release|Any CPU.ActiveCfg = Release|Any CPU
		{C7ACBD5D-7558-4CF1-BC68-3BDC5D7724A1}.Release|Any CPU.Build.0 = Release|Any CPU
		{719F904C-569A-44B3-9412-8311003D548F}.Debug|Any CPU.ActiveCfg = Debug|Any CPU
		{719F904C-569A-44B3-9412-8311003D548F}.Debug|Any CPU.Build.0 = Debug|Any CPU
		{719F904C-569A-44B3-9412-8311003D548F}.Release|Any CPU.ActiveCfg = Release|Any CPU
		{719F904C-569A-44B3-9412-8311003D548F}.Release|Any CPU.Build.0 = Release|Any CPU
	EndGlobalSection
	GlobalSection(SolutionProperties) = preSolution
		HideSolutionNode = FALSE
	EndGlobalSection
	GlobalSection(ExtensibilityGlobals) = postSolution
		SolutionGuid = {49B7155E-BE29-45FD-9A08-4FFC7B1D921E}
	EndGlobalSection
EndGlobal
